
Microsoft Visual Studio Solution File, Format Version 12.00
# Visual Studio Version 16
VisualStudioVersion = 16.0.31624.102
MinimumVisualStudioVersion = 10.0.40219.1
Project("{FAE04EC0-301F-11D3-BF4B-00C04F79EFBC}") = "eTickets", "eTickets\eTickets.csproj", "{5EFD6C77-4EBA-4991-B7A6-01809C6C192D}"
EndProject
Global
	GlobalSection(SolutionConfigurationPlatforms) = preSolution
		Debug|Any CPU = Debug|Any CPU
		Release|Any CPU = Release|Any CPU
	EndGlobalSection
	GlobalSection(ProjectConfigurationPlatforms) = postSolution
		{5EFD6C77-4EBA-4991-B7A6-01809C6C192D}.Debug|Any CPU.ActiveCfg = Debug|Any CPU
		{5EFD6C77-4EBA-4991-B7A6-01809C6C192D}.Debug|Any CPU.Build.0 = Debug|Any CPU
		{5EFD6C77-4EBA-4991-B7A6-01809C6C192D}.Release|Any CPU.ActiveCfg = Release|Any CPU
		{5EFD6C77-4EBA-4991-B7A6-01809C6C192D}.Release|Any CPU.Build.0 = Release|Any CPU
	EndGlobalSection
	GlobalSection(SolutionProperties) = preSolution
		HideSolutionNode = FALSE
	EndGlobalSection
	GlobalSection(ExtensibilityGlobals) = postSolution
		SolutionGuid = {E4B57A10-4498-49B9-B774-C2C2942BEE5F}
	EndGlobalSection
EndGlobal
